
Microsoft Visual Studio Solution File, Format Version 12.00
# Visual Studio Version 16
VisualStudioVersion = 16.0.30907.101
MinimumVisualStudioVersion = 10.0.40219.1
Project("{9A19103F-16F7-4668-BE54-9A1E7A4F7556}") = "DataAccsess", "DataAccsess\DataAccsess.csproj", "{0BED8766-CC38-4087-A9D8-71D4F49C5053}"
EndProject
Project("{9A19103F-16F7-4668-BE54-9A1E7A4F7556}") = "Entities", "Entities\Entities.csproj", "{8CA651EA-5F33-42A1-9B83-7617945C6E84}"
EndProject
Project("{9A19103F-16F7-4668-BE54-9A1E7A4F7556}") = "Business", "Business\Business.csproj", "{05A014AD-3566-4420-96F7-D81CCF67FDCB}"
EndProject
Project("{9A19103F-16F7-4668-BE54-9A1E7A4F7556}") = "ConsoleUI", "ConsoleUI\ConsoleUI.csproj", "{B125FE1B-C2FF-4AC8-95B1-0E295F661388}"
EndProject
Project("{9A19103F-16F7-4668-BE54-9A1E7A4F7556}") = "Core", "Core\Core.csproj", "{A02B6B70-04AE-4C05-8AAF-259174A82EDD}"
EndProject
Project("{FAE04EC0-301F-11D3-BF4B-00C04F79EFBC}") = "WebAPI", "WebAPI\WebAPI.csproj", "{F4C0403E-D293-4289-9A79-CF199CA35CA2}"
EndProject
Global
	GlobalSection(SolutionConfigurationPlatforms) = preSolution
		Debug|Any CPU = Debug|Any CPU
		Release|Any CPU = Release|Any CPU
	EndGlobalSection
	GlobalSection(ProjectConfigurationPlatforms) = postSolution
		{0BED8766-CC38-4087-A9D8-71D4F49C5053}.Debug|Any CPU.ActiveCfg = Debug|Any CPU
		{0BED8766-CC38-4087-A9D8-71D4F49C5053}.Debug|Any CPU.Build.0 = Debug|Any CPU
		{0BED8766-CC38-4087-A9D8-71D4F49C5053}.Release|Any CPU.ActiveCfg = Release|Any CPU
		{0BED8766-CC38-4087-A9D8-71D4F49C5053}.Release|Any CPU.Build.0 = Release|Any CPU
		{8CA651EA-5F33-42A1-9B83-7617945C6E84}.Debug|Any CPU.ActiveCfg = Debug|Any CPU
		{8CA651EA-5F33-42A1-9B83-7617945C6E84}.Debug|Any CPU.Build.0 = Debug|Any CPU
		{8CA651EA-5F33-42A1-9B83-7617945C6E84}.Release|Any CPU.ActiveCfg = Release|Any CPU
		{8CA651EA-5F33-42A1-9B83-7617945C6E84}.Release|Any CPU.Build.0 = Release|Any CPU
		{05A014AD-3566-4420-96F7-D81CCF67FDCB}.Debug|Any CPU.ActiveCfg = Debug|Any CPU
		{05A014AD-3566-4420-96F7-D81CCF67FDCB}.Debug|Any CPU.Build.0 = Debug|Any CPU
		{05A014AD-3566-4420-96F7-D81CCF67FDCB}.Release|Any CPU.ActiveCfg = Release|Any CPU
		{05A014AD-3566-4420-96F7-D81CCF67FDCB}.Release|Any CPU.Build.0 = Release|Any CPU
		{B125FE1B-C2FF-4AC8-95B1-0E295F661388}.Debug|Any CPU.ActiveCfg = Debug|Any CPU
		{B125FE1B-C2FF-4AC8-95B1-0E295F661388}.Debug|Any CPU.Build.0 = Debug|Any CPU
		{B125FE1B-C2FF-4AC8-95B1-0E295F661388}.Release|Any CPU.ActiveCfg = Release|Any CPU
		{B125FE1B-C2FF-4AC8-95B1-0E295F661388}.Release|Any CPU.Build.0 = Release|Any CPU
		{A02B6B70-04AE-4C05-8AAF-259174A82EDD}.Debug|Any CPU.ActiveCfg = Debug|Any CPU
		{A02B6B70-04AE-4C05-8AAF-259174A82EDD}.Debug|Any CPU.Build.0 = Debug|Any CPU
		{A02B6B70-04AE-4C05-8AAF-259174A82EDD}.Release|Any CPU.ActiveCfg = Release|Any CPU
		{A02B6B70-04AE-4C05-8AAF-259174A82EDD}.Release|Any CPU.Build.0 = Release|Any CPU
		{F4C0403E-D293-4289-9A79-CF199CA35CA2}.Debug|Any CPU.ActiveCfg = Debug|Any CPU
		{F4C0403E-D293-4289-9A79-CF199CA35CA2}.Debug|Any CPU.Build.0 = Debug|Any CPU
		{F4C0403E-D293-4289-9A79-CF199CA35CA2}.Release|Any CPU.ActiveCfg = Release|Any CPU
		{F4C0403E-D293-4289-9A79-CF199CA35CA2}.Release|Any CPU.Build.0 = Release|Any CPU
	EndGlobalSection
	GlobalSection(SolutionProperties) = preSolution
		HideSolutionNode = FALSE
	EndGlobalSection
	GlobalSection(ExtensibilityGlobals) = postSolution
		SolutionGuid = {318B6939-8BF7-4B8C-A681-4E4139C4295A}
	EndGlobalSection
EndGlobal
